
Microsoft Visual Studio Solution File, Format Version 12.00
# Visual Studio 15
VisualStudioVersion = 15.0.28307.1209
MinimumVisualStudioVersion = 10.0.40219.1
Project("{8BC9CEB8-8B4A-11D0-8D11-00A0C91BC942}") = "Lab2", "Lab2\Lab2.vcxproj", "{F3A29F5D-BCB0-41F0-B98D-F3AADF7BB092}"
EndProject
Global
	GlobalSection(SolutionConfigurationPlatforms) = preSolution
		Debug|x64 = Debug|x64
		Debug|x86 = Debug|x86
		Release|x64 = Release|x64
		Release|x86 = Release|x86
	EndGlobalSection
	GlobalSection(ProjectConfigurationPlatforms) = postSolution
		{F3A29F5D-BCB0-41F0-B98D-F3AADF7BB092}.Debug|x64.ActiveCfg = Debug|x64
		{F3A29F5D-BCB0-41F0-B98D-F3AADF7BB092}.Debug|x64.Build.0 = Debug|x64
		{F3A29F5D-BCB0-41F0-B98D-F3AADF7BB092}.Debug|x86.ActiveCfg = Debug|Win32
		{F3A29F5D-BCB0-41F0-B98D-F3AADF7BB092}.Debug|x86.Build.0 = Debug|Win32
		{F3A29F5D-BCB0-41F0-B98D-F3AADF7BB092}.Release|x64.ActiveCfg = Release|x64
		{F3A29F5D-BCB0-41F0-B98D-F3AADF7BB092}.Release|x64.Build.0 = Release|x64
		{F3A29F5D-BCB0-41F0-B98D-F3AADF7BB092}.Release|x86.ActiveCfg = Release|Win32
		{F3A29F5D-BCB0-41F0-B98D-F3AADF7BB092}.Release|x86.Build.0 = Release|Win32
	EndGlobalSection
	GlobalSection(SolutionProperties) = preSolution
		HideSolutionNode = FALSE
	EndGlobalSection
	GlobalSection(ExtensibilityGlobals) = postSolution
		SolutionGuid = {31047D74-32D8-435A-A61E-12FE538534CB}
	EndGlobalSection
EndGlobal
